
Microsoft Visual Studio Solution File, Format Version 12.00
# Visual Studio Version 17
VisualStudioVersion = 17.4.33213.308
MinimumVisualStudioVersion = 10.0.40219.1
Project("{9A19103F-16F7-4668-BE54-9A1E7A4F7556}") = "NETGitHubActions.Api", "NETGitHubActions.Api\NETGitHubActions.Api.csproj", "{AE04ED29-F898-4350-80B1-8BCD13C1647B}"
EndProject
Project("{FAE04EC0-301F-11D3-BF4B-00C04F79EFBC}") = "NETGitHubActions.Test", "NETGitHubActions.Test\NETGitHubActions.Test.csproj", "{A51FA98D-D11C-4738-980B-33AA9DF44FC7}"
EndProject
Global
	GlobalSection(SolutionConfigurationPlatforms) = preSolution
		Debug|Any CPU = Debug|Any CPU
		Release|Any CPU = Release|Any CPU
	EndGlobalSection
	GlobalSection(ProjectConfigurationPlatforms) = postSolution
		{AE04ED29-F898-4350-80B1-8BCD13C1647B}.Debug|Any CPU.ActiveCfg = Debug|Any CPU
		{AE04ED29-F898-4350-80B1-8BCD13C1647B}.Debug|Any CPU.Build.0 = Debug|Any CPU
		{AE04ED29-F898-4350-80B1-8BCD13C1647B}.Release|Any CPU.ActiveCfg = Release|Any CPU
		{AE04ED29-F898-4350-80B1-8BCD13C1647B}.Release|Any CPU.Build.0 = Release|Any CPU
		{A51FA98D-D11C-4738-980B-33AA9DF44FC7}.Debug|Any CPU.ActiveCfg = Debug|Any CPU
		{A51FA98D-D11C-4738-980B-33AA9DF44FC7}.Debug|Any CPU.Build.0 = Debug|Any CPU
		{A51FA98D-D11C-4738-980B-33AA9DF44FC7}.Release|Any CPU.ActiveCfg = Release|Any CPU
		{A51FA98D-D11C-4738-980B-33AA9DF44FC7}.Release|Any CPU.Build.0 = Release|Any CPU
	EndGlobalSection
	GlobalSection(SolutionProperties) = preSolution
		HideSolutionNode = FALSE
	EndGlobalSection
	GlobalSection(ExtensibilityGlobals) = postSolution
		SolutionGuid = {20FA6732-9193-46A0-81E1-CBD49AD55EE8}
	EndGlobalSection
EndGlobal
